
Microsoft Visual Studio Solution File, Format Version 11.00
# Visual Web Developer Express 2010
Project("{E24C65DC-7377-472B-9ABA-BC803B73C61A}") = "Specs", "Specs\", "{F72CA9F3-28C7-4E69-8D17-4F9B21B12ED4}"
	ProjectSection(WebsiteProperties) = preProject
		TargetFrameworkMoniker = ".NETFramework,Version%3Dv4.0"
		ProjectReferences = "{606E5DEA-4841-432C-A329-1AD400DF8C96}|Domain.dll;"
		Debug.AspNetCompiler.VirtualPath = "/Specs"
		Debug.AspNetCompiler.PhysicalPath = "Specs\"
		Debug.AspNetCompiler.TargetPath = "PrecompiledWeb\Specs\"
		Debug.AspNetCompiler.Updateable = "true"
		Debug.AspNetCompiler.ForceOverwrite = "true"
		Debug.AspNetCompiler.FixedNames = "false"
		Debug.AspNetCompiler.Debug = "True"
		Release.AspNetCompiler.VirtualPath = "/Specs"
		Release.AspNetCompiler.PhysicalPath = "Specs\"
		Release.AspNetCompiler.TargetPath = "PrecompiledWeb\Specs\"
		Release.AspNetCompiler.Updateable = "true"
		Release.AspNetCompiler.ForceOverwrite = "true"
		Release.AspNetCompiler.FixedNames = "false"
		Release.AspNetCompiler.Debug = "False"
		VWDPort = "55910"
		DefaultWebSiteLanguage = "Visual C#"
	EndProjectSection
EndProject
Project("{FAE04EC0-301F-11D3-BF4B-00C04F79EFBC}") = "Domain", "Domain\Domain.csproj", "{606E5DEA-4841-432C-A329-1AD400DF8C96}"
EndProject
Global
	GlobalSection(SolutionConfigurationPlatforms) = preSolution
		Debug|Any CPU = Debug|Any CPU
		Release|Any CPU = Release|Any CPU
	EndGlobalSection
	GlobalSection(ProjectConfigurationPlatforms) = postSolution
		{F72CA9F3-28C7-4E69-8D17-4F9B21B12ED4}.Debug|Any CPU.ActiveCfg = Debug|Any CPU
		{F72CA9F3-28C7-4E69-8D17-4F9B21B12ED4}.Debug|Any CPU.Build.0 = Debug|Any CPU
		{F72CA9F3-28C7-4E69-8D17-4F9B21B12ED4}.Release|Any CPU.ActiveCfg = Debug|Any CPU
		{F72CA9F3-28C7-4E69-8D17-4F9B21B12ED4}.Release|Any CPU.Build.0 = Debug|Any CPU
		{606E5DEA-4841-432C-A329-1AD400DF8C96}.Debug|Any CPU.ActiveCfg = Debug|Any CPU
		{606E5DEA-4841-432C-A329-1AD400DF8C96}.Debug|Any CPU.Build.0 = Debug|Any CPU
		{606E5DEA-4841-432C-A329-1AD400DF8C96}.Release|Any CPU.ActiveCfg = Release|Any CPU
		{606E5DEA-4841-432C-A329-1AD400DF8C96}.Release|Any CPU.Build.0 = Release|Any CPU
	EndGlobalSection
	GlobalSection(SolutionProperties) = preSolution
		HideSolutionNode = FALSE
	EndGlobalSection
EndGlobal
